{
  "name": "securefile-task",
  "version": "1.0.0",
  "lockfileVersion": 1,
  "requires": true,
  "dependencies": {
    "azure-devops-node-api": {
      "version": "10.1.1",
      "resolved": "https://registry.npmjs.org/azure-devops-node-api/-/azure-devops-node-api-10.1.1.tgz",
      "integrity": "sha512-P4Hyrh/+Nzc2KXQk73z72/GsenSWIH5o8uiyELqykJYs9TWTVCxVwghoR7lPeiY6QVoXkq2S2KtvAgi5fyjl9w==",
      "requires": {
        "tunnel": "0.0.6",
        "typed-rest-client": "^1.7.3",
        "underscore": "1.8.3"
      }
    },
    "qs": {
      "version": "6.9.4",
      "resolved": "https://registry.npmjs.org/qs/-/qs-6.9.4.tgz",
      "integrity": "sha512-A1kFqHekCTM7cz0udomYUoYNWjBebHm/5wzU/XqrBRBNWectVH0QIiN+NEcZ0Dte5hvzHwbr8+XQmguPhJ6WdQ=="
    },
    "tunnel": {
      "version": "0.0.6",
      "resolved": "https://registry.npmjs.org/tunnel/-/tunnel-0.0.6.tgz",
      "integrity": "sha512-1h/Lnq9yajKY2PEbBadPXj3VxsDDu844OnaAo52UVmIzIvwwtBPIuNvkjuzBlTWpfJyUbG3ez0KSBibQkj4ojg=="
    },
    "typed-rest-client": {
      "version": "1.8.9",
      "resolved": "https://registry.npmjs.org/typed-rest-client/-/typed-rest-client-1.8.9.tgz",
      "integrity": "sha512-uSmjE38B80wjL85UFX3sTYEUlvZ1JgCRhsWj/fJ4rZ0FqDUFoIuodtiVeE+cUqiVTOKPdKrp/sdftD15MDek6g==",
      "requires": {
        "qs": "^6.9.1",
        "tunnel": "0.0.6",
        "underscore": "^1.12.1"
      },
      "dependencies": {
        "underscore": {
          "version": "1.13.6",
          "resolved": "https://registry.npmjs.org/underscore/-/underscore-1.13.6.tgz",
          "integrity": "sha512-+A5Sja4HP1M08MaXya7p5LvjuM7K6q/2EaC0+iovj/wOcMsTzMvDFbasi/oSapiwOlt252IqsKqPjCl7huKS0A=="
        }
      }
    },
    "underscore": {
      "version": "1.8.3",
      "resolved": "https://registry.npmjs.org/underscore/-/underscore-1.8.3.tgz",
      "integrity": "sha1-Tz+1OxBuYJf8+ctBCfKl6b36UCI="
    }
  }
}
